// !$*UTF8*$!
{
	archiveVersion = 1;
	classes = {
	};
	objectVersion = 51;
	objects = {

/* Begin PBXBuildFile section */
		711E04B025D168C400FF2287 /* MusikManager.swift in Sources */ = {isa = PBXBuildFile; fileRef = 711E04AF25D168C400FF2287 /* MusikManager.swift */; };
		711E04B325D1761400FF2287 /* DBService.swift in Sources */ = {isa = PBXBuildFile; fileRef = 711E04B225D1761400FF2287 /* DBService.swift */; };
		711E04C725D19DBF00FF2287 /* FontType.swift in Sources */ = {isa = PBXBuildFile; fileRef = 711E04C625D19DBF00FF2287 /* FontType.swift */; };
		711E04CA25D19F1200FF2287 /* ViewConfigurable.swift in Sources */ = {isa = PBXBuildFile; fileRef = 711E04C925D19F1200FF2287 /* ViewConfigurable.swift */; };
		711E04CD25D1A13900FF2287 /* PlaceholderImageView.swift in Sources */ = {isa = PBXBuildFile; fileRef = 711E04CC25D1A13900FF2287 /* PlaceholderImageView.swift */; };
		713034E6256EEE1500697149 /* Main.storyboard in Resources */ = {isa = PBXBuildFile; fileRef = 713034E4256EEE1500697149 /* Main.storyboard */; };
		713034E8256EEE1500697149 /* Assets.xcassets in Resources */ = {isa = PBXBuildFile; fileRef = 713034E7256EEE1500697149 /* Assets.xcassets */; };
		713034EB256EEE1500697149 /* LaunchScreen.storyboard in Resources */ = {isa = PBXBuildFile; fileRef = 713034E9256EEE1500697149 /* LaunchScreen.storyboard */; };
		713034F8256EF50D00697149 /* FavoritsViewController.swift in Sources */ = {isa = PBXBuildFile; fileRef = 713034F7256EF50D00697149 /* FavoritsViewController.swift */; };
		713034FB256EF70600697149 /* FavoritsCell.swift in Sources */ = {isa = PBXBuildFile; fileRef = 713034FA256EF70600697149 /* FavoritsCell.swift */; };
		71303502256F10F100697149 /* DBAlbumDetailsModel.swift in Sources */ = {isa = PBXBuildFile; fileRef = 71303501256F10F100697149 /* DBAlbumDetailsModel.swift */; };
		7130350F257040B800697149 /* APIArtistModel.swift in Sources */ = {isa = PBXBuildFile; fileRef = 7130350E257040B800697149 /* APIArtistModel.swift */; };
		7149B4BF257C048E00511749 /* DetailsFavouriteTableViewController.swift in Sources */ = {isa = PBXBuildFile; fileRef = 7149B4BE257C048E00511749 /* DetailsFavouriteTableViewController.swift */; };
		7149B4C3257D73A000511749 /* RealmExtensions.swift in Sources */ = {isa = PBXBuildFile; fileRef = 7149B4C2257D73A000511749 /* RealmExtensions.swift */; };
		7149B4C9257D7F5A00511749 /* LastFmAPIService.swift in Sources */ = {isa = PBXBuildFile; fileRef = 7149B4C8257D7F5A00511749 /* LastFmAPIService.swift */; };
		715F405425754C8600BDBC23 /* APIAlbumDetailsModel.swift in Sources */ = {isa = PBXBuildFile; fileRef = 715F405325754C8600BDBC23 /* APIAlbumDetailsModel.swift */; };
		715F40792577DC2D00BDBC23 /* APITrackModel.swift in Sources */ = {isa = PBXBuildFile; fileRef = 715F40782577DC2D00BDBC23 /* APITrackModel.swift */; };
		716B1B8125D2EAED00B7FA7F /* SearchTableViewController.swift in Sources */ = {isa = PBXBuildFile; fileRef = 716B1B8025D2EAED00B7FA7F /* SearchTableViewController.swift */; };
		716B1B8425D2EAF700B7FA7F /* SearchLogicController.swift in Sources */ = {isa = PBXBuildFile; fileRef = 716B1B8325D2EAF700B7FA7F /* SearchLogicController.swift */; };
		716B1B8925D3F49A00B7FA7F /* AppDelegate.swift in Sources */ = {isa = PBXBuildFile; fileRef = 713034DE256EEE1500697149 /* AppDelegate.swift */; };
		716B1B9325D414B600B7FA7F /* SearchDataSourceController.swift in Sources */ = {isa = PBXBuildFile; fileRef = 716B1B9225D414B600B7FA7F /* SearchDataSourceController.swift */; };
		716B1B9C25D41E0F00B7FA7F /* SearchTableViewCell.swift in Sources */ = {isa = PBXBuildFile; fileRef = 716B1B9A25D41E0F00B7FA7F /* SearchTableViewCell.swift */; };
		716B1B9D25D41E0F00B7FA7F /* SearchTableViewCell.xib in Resources */ = {isa = PBXBuildFile; fileRef = 716B1B9B25D41E0F00B7FA7F /* SearchTableViewCell.xib */; };
		7174391025CBF3BE00038B9E /* TrackModelMapper.swift in Sources */ = {isa = PBXBuildFile; fileRef = 7174390F25CBF3BE00038B9E /* TrackModelMapper.swift */; };
		7174391325CBF46D00038B9E /* AlbumDetailsMapper.swift in Sources */ = {isa = PBXBuildFile; fileRef = 7174391225CBF46D00038B9E /* AlbumDetailsMapper.swift */; };
		7174391825CBF94100038B9E /* APITracksModel.swift in Sources */ = {isa = PBXBuildFile; fileRef = 7174391725CBF94100038B9E /* APITracksModel.swift */; };
		7174391B25CC062600038B9E /* DBTrackModel.swift in Sources */ = {isa = PBXBuildFile; fileRef = 7174391A25CC062600038B9E /* DBTrackModel.swift */; };
		7174392025CC241E00038B9E /* ArtistModelMapper.swift in Sources */ = {isa = PBXBuildFile; fileRef = 7174391F25CC241E00038B9E /* ArtistModelMapper.swift */; };
		7174394C25CD3F4100038B9E /* ViewControllerFactory.swift in Sources */ = {isa = PBXBuildFile; fileRef = 7174394B25CD3F4100038B9E /* ViewControllerFactory.swift */; };
		7174395225CD43B400038B9E /* HomeViewController.swift in Sources */ = {isa = PBXBuildFile; fileRef = 7174395125CD43B400038B9E /* HomeViewController.swift */; };
		7174395625CD448700038B9E /* BaseViewController.swift in Sources */ = {isa = PBXBuildFile; fileRef = 7174395525CD448700038B9E /* BaseViewController.swift */; };
		7174395925CD488600038B9E /* HomeLogicController.swift in Sources */ = {isa = PBXBuildFile; fileRef = 7174395825CD488600038B9E /* HomeLogicController.swift */; };
		7174395C25CD489B00038B9E /* HomeCollectionViewDataSource.swift in Sources */ = {isa = PBXBuildFile; fileRef = 7174395B25CD489B00038B9E /* HomeCollectionViewDataSource.swift */; };
		718D2E0A25CAD2A30082ADEE /* SearchCollectionViewCell.swift in Sources */ = {isa = PBXBuildFile; fileRef = 718D2E0825CAD2A30082ADEE /* SearchCollectionViewCell.swift */; };
		718D2E0B25CAD2A30082ADEE /* SearchCollectionViewCell.xib in Resources */ = {isa = PBXBuildFile; fileRef = 718D2E0925CAD2A30082ADEE /* SearchCollectionViewCell.xib */; };
		718D2E0E25CAE94D0082ADEE /* APIImageModel.swift in Sources */ = {isa = PBXBuildFile; fileRef = 718D2E0D25CAE94D0082ADEE /* APIImageModel.swift */; };
		718D2E1525CAEE280082ADEE /* APIAlbumModel.swift in Sources */ = {isa = PBXBuildFile; fileRef = 718D2E1425CAEE280082ADEE /* APIAlbumModel.swift */; };
		718D2E2125CAFD270082ADEE /* AlbumModel.swift in Sources */ = {isa = PBXBuildFile; fileRef = 718D2E2025CAFD270082ADEE /* AlbumModel.swift */; };
		718D2E2525CAFD3B0082ADEE /* TrackModel.swift in Sources */ = {isa = PBXBuildFile; fileRef = 718D2E2425CAFD3B0082ADEE /* TrackModel.swift */; };
		718D2E2925CAFF5F0082ADEE /* AlbumDetailsModel.swift in Sources */ = {isa = PBXBuildFile; fileRef = 718D2E2825CAFF5F0082ADEE /* AlbumDetailsModel.swift */; };
		718D2E2E25CB02560082ADEE /* ArtistModel.swift in Sources */ = {isa = PBXBuildFile; fileRef = 718D2E2D25CB02560082ADEE /* ArtistModel.swift */; };
		718D2E3525CB05A50082ADEE /* AlbumModelMapper.swift in Sources */ = {isa = PBXBuildFile; fileRef = 718D2E3425CB05A50082ADEE /* AlbumModelMapper.swift */; };
		71E04C6F25D141DC00CA73CF /* JSONDecoder.swift in Sources */ = {isa = PBXBuildFile; fileRef = 71E04C6E25D141DC00CA73CF /* JSONDecoder.swift */; };
		71E04C7325D145A000CA73CF /* NetworkLayer.swift in Sources */ = {isa = PBXBuildFile; fileRef = 71E04C7225D145A000CA73CF /* NetworkLayer.swift */; };
		71E04C7725D1510E00CA73CF /* LastFMService.swift in Sources */ = {isa = PBXBuildFile; fileRef = 71E04C7625D1510E00CA73CF /* LastFMService.swift */; };
		71E04C7A25D1567900CA73CF /* Constants.swift in Sources */ = {isa = PBXBuildFile; fileRef = 71E04C7925D1567900CA73CF /* Constants.swift */; };
		71E3D04125D533D20004EBC6 /* TopAlbumsCollectionViewController.swift in Sources */ = {isa = PBXBuildFile; fileRef = 71E3D04025D533D20004EBC6 /* TopAlbumsCollectionViewController.swift */; };
		71E3D04525D533F70004EBC6 /* TopAlbumsDatasourceController.swift in Sources */ = {isa = PBXBuildFile; fileRef = 71E3D04425D533F70004EBC6 /* TopAlbumsDatasourceController.swift */; };
		71E3D04825D5340F0004EBC6 /* TopAlbumsLogicController.swift in Sources */ = {isa = PBXBuildFile; fileRef = 71E3D04725D5340F0004EBC6 /* TopAlbumsLogicController.swift */; };
		71E3D04F25D548780004EBC6 /* AlbumDetailsCollectionViewCell.swift in Sources */ = {isa = PBXBuildFile; fileRef = 71E3D04D25D548780004EBC6 /* AlbumDetailsCollectionViewCell.swift */; };
		71E3D05025D548780004EBC6 /* AlbumDetailsCollectionViewCell.xib in Resources */ = {isa = PBXBuildFile; fileRef = 71E3D04E25D548780004EBC6 /* AlbumDetailsCollectionViewCell.xib */; };
		E98B5A3EF9E74412C581393C /* Pods_musikaApp.framework in Frameworks */ = {isa = PBXBuildFile; fileRef = 09C0D5A1B9F162CA3AC335B8 /* Pods_musikaApp.framework */; };
/* End PBXBuildFile section */

/* Begin PBXFileReference section */
		09C0D5A1B9F162CA3AC335B8 /* Pods_musikaApp.framework */ = {isa = PBXFileReference; explicitFileType = wrapper.framework; includeInIndex = 0; path = Pods_musikaApp.framework; sourceTree = BUILT_PRODUCTS_DIR; };
		711E04AF25D168C400FF2287 /* MusikManager.swift */ = {isa = PBXFileReference; lastKnownFileType = sourcecode.swift; path = MusikManager.swift; sourceTree = "<group>"; };
		711E04B225D1761400FF2287 /* DBService.swift */ = {isa = PBXFileReference; lastKnownFileType = sourcecode.swift; path = DBService.swift; sourceTree = "<group>"; };
		711E04C625D19DBF00FF2287 /* FontType.swift */ = {isa = PBXFileReference; lastKnownFileType = sourcecode.swift; path = FontType.swift; sourceTree = "<group>"; };
		711E04C925D19F1200FF2287 /* ViewConfigurable.swift */ = {isa = PBXFileReference; lastKnownFileType = sourcecode.swift; path = ViewConfigurable.swift; sourceTree = "<group>"; };
		711E04CC25D1A13900FF2287 /* PlaceholderImageView.swift */ = {isa = PBXFileReference; lastKnownFileType = sourcecode.swift; path = PlaceholderImageView.swift; sourceTree = "<group>"; };
		713034DB256EEE1500697149 /* musikaApp.app */ = {isa = PBXFileReference; explicitFileType = wrapper.application; includeInIndex = 0; path = musikaApp.app; sourceTree = BUILT_PRODUCTS_DIR; };
		713034DE256EEE1500697149 /* AppDelegate.swift */ = {isa = PBXFileReference; lastKnownFileType = sourcecode.swift; path = AppDelegate.swift; sourceTree = "<group>"; };
		713034E0256EEE1500697149 /* SceneDelegate.swift */ = {isa = PBXFileReference; lastKnownFileType = sourcecode.swift; path = SceneDelegate.swift; sourceTree = "<group>"; };
		713034E5256EEE1500697149 /* Base */ = {isa = PBXFileReference; lastKnownFileType = file.storyboard; name = Base; path = Base.lproj/Main.storyboard; sourceTree = "<group>"; };
		713034E7256EEE1500697149 /* Assets.xcassets */ = {isa = PBXFileReference; lastKnownFileType = folder.assetcatalog; path = Assets.xcassets; sourceTree = "<group>"; };
		713034EA256EEE1500697149 /* Base */ = {isa = PBXFileReference; lastKnownFileType = file.storyboard; name = Base; path = Base.lproj/LaunchScreen.storyboard; sourceTree = "<group>"; };
		713034EC256EEE1500697149 /* Info.plist */ = {isa = PBXFileReference; lastKnownFileType = text.plist.xml; path = Info.plist; sourceTree = "<group>"; };
		713034F7256EF50D00697149 /* FavoritsViewController.swift */ = {isa = PBXFileReference; lastKnownFileType = sourcecode.swift; path = FavoritsViewController.swift; sourceTree = "<group>"; };
		713034FA256EF70600697149 /* FavoritsCell.swift */ = {isa = PBXFileReference; lastKnownFileType = sourcecode.swift; path = FavoritsCell.swift; sourceTree = "<group>"; };
		71303501256F10F100697149 /* DBAlbumDetailsModel.swift */ = {isa = PBXFileReference; lastKnownFileType = sourcecode.swift; path = DBAlbumDetailsModel.swift; sourceTree = "<group>"; };
		7130350E257040B800697149 /* APIArtistModel.swift */ = {isa = PBXFileReference; lastKnownFileType = sourcecode.swift; path = APIArtistModel.swift; sourceTree = "<group>"; };
		71303515257156A400697149 /* SearchTableViewController.swift */ = {isa = PBXFileReference; lastKnownFileType = sourcecode.swift; path = SearchTableViewController.swift; sourceTree = "<group>"; };
		7130351825715C3500697149 /* SearchTableViewCell.swift */ = {isa = PBXFileReference; lastKnownFileType = sourcecode.swift; path = SearchTableViewCell.swift; sourceTree = "<group>"; };
		7149B4BE257C048E00511749 /* DetailsFavouriteTableViewController.swift */ = {isa = PBXFileReference; lastKnownFileType = sourcecode.swift; path = DetailsFavouriteTableViewController.swift; sourceTree = "<group>"; };
		7149B4C2257D73A000511749 /* RealmExtensions.swift */ = {isa = PBXFileReference; lastKnownFileType = sourcecode.swift; path = RealmExtensions.swift; sourceTree = "<group>"; };
		7149B4C8257D7F5A00511749 /* LastFmAPIService.swift */ = {isa = PBXFileReference; lastKnownFileType = sourcecode.swift; path = LastFmAPIService.swift; sourceTree = "<group>"; };
		715F405325754C8600BDBC23 /* APIAlbumDetailsModel.swift */ = {isa = PBXFileReference; lastKnownFileType = sourcecode.swift; path = APIAlbumDetailsModel.swift; sourceTree = "<group>"; };
		715F40582575519700BDBC23 /* TopAlbumsCollectionViewController.swift */ = {isa = PBXFileReference; lastKnownFileType = sourcecode.swift; path = TopAlbumsCollectionViewController.swift; sourceTree = "<group>"; };
		715F405B257551D400BDBC23 /* TopAlbumsCollectionViewCell.swift */ = {isa = PBXFileReference; lastKnownFileType = sourcecode.swift; path = TopAlbumsCollectionViewCell.swift; sourceTree = "<group>"; };
		715F40602576E97500BDBC23 /* TopAlbumDetailsTableViewController.swift */ = {isa = PBXFileReference; lastKnownFileType = sourcecode.swift; path = TopAlbumDetailsTableViewController.swift; sourceTree = "<group>"; };
		715F40782577DC2D00BDBC23 /* APITrackModel.swift */ = {isa = PBXFileReference; lastKnownFileType = sourcecode.swift; path = APITrackModel.swift; sourceTree = "<group>"; };
		716B1B8025D2EAED00B7FA7F /* SearchTableViewController.swift */ = {isa = PBXFileReference; lastKnownFileType = sourcecode.swift; path = SearchTableViewController.swift; sourceTree = "<group>"; };
		716B1B8325D2EAF700B7FA7F /* SearchLogicController.swift */ = {isa = PBXFileReference; lastKnownFileType = sourcecode.swift; path = SearchLogicController.swift; sourceTree = "<group>"; };
		716B1B9225D414B600B7FA7F /* SearchDataSourceController.swift */ = {isa = PBXFileReference; lastKnownFileType = sourcecode.swift; path = SearchDataSourceController.swift; sourceTree = "<group>"; };
		716B1B9A25D41E0F00B7FA7F /* SearchTableViewCell.swift */ = {isa = PBXFileReference; lastKnownFileType = sourcecode.swift; path = SearchTableViewCell.swift; sourceTree = "<group>"; };
		716B1B9B25D41E0F00B7FA7F /* SearchTableViewCell.xib */ = {isa = PBXFileReference; lastKnownFileType = file.xib; path = SearchTableViewCell.xib; sourceTree = "<group>"; };
		7174390F25CBF3BE00038B9E /* TrackModelMapper.swift */ = {isa = PBXFileReference; lastKnownFileType = sourcecode.swift; path = TrackModelMapper.swift; sourceTree = "<group>"; };
		7174391225CBF46D00038B9E /* AlbumDetailsMapper.swift */ = {isa = PBXFileReference; lastKnownFileType = sourcecode.swift; path = AlbumDetailsMapper.swift; sourceTree = "<group>"; };
		7174391725CBF94100038B9E /* APITracksModel.swift */ = {isa = PBXFileReference; lastKnownFileType = sourcecode.swift; path = APITracksModel.swift; sourceTree = "<group>"; };
		7174391A25CC062600038B9E /* DBTrackModel.swift */ = {isa = PBXFileReference; lastKnownFileType = sourcecode.swift; path = DBTrackModel.swift; sourceTree = "<group>"; };
		7174391F25CC241E00038B9E /* ArtistModelMapper.swift */ = {isa = PBXFileReference; lastKnownFileType = sourcecode.swift; path = ArtistModelMapper.swift; sourceTree = "<group>"; };
		7174394B25CD3F4100038B9E /* ViewControllerFactory.swift */ = {isa = PBXFileReference; lastKnownFileType = sourcecode.swift; path = ViewControllerFactory.swift; sourceTree = "<group>"; };
		7174395125CD43B400038B9E /* HomeViewController.swift */ = {isa = PBXFileReference; lastKnownFileType = sourcecode.swift; path = HomeViewController.swift; sourceTree = "<group>"; };
		7174395525CD448700038B9E /* BaseViewController.swift */ = {isa = PBXFileReference; lastKnownFileType = sourcecode.swift; path = BaseViewController.swift; sourceTree = "<group>"; };
		7174395825CD488600038B9E /* HomeLogicController.swift */ = {isa = PBXFileReference; lastKnownFileType = sourcecode.swift; path = HomeLogicController.swift; sourceTree = "<group>"; };
		7174395B25CD489B00038B9E /* HomeCollectionViewDataSource.swift */ = {isa = PBXFileReference; lastKnownFileType = sourcecode.swift; path = HomeCollectionViewDataSource.swift; sourceTree = "<group>"; };
		718D2E0825CAD2A30082ADEE /* SearchCollectionViewCell.swift */ = {isa = PBXFileReference; lastKnownFileType = sourcecode.swift; path = SearchCollectionViewCell.swift; sourceTree = "<group>"; };
		718D2E0925CAD2A30082ADEE /* SearchCollectionViewCell.xib */ = {isa = PBXFileReference; lastKnownFileType = file.xib; path = SearchCollectionViewCell.xib; sourceTree = "<group>"; };
		718D2E0D25CAE94D0082ADEE /* APIImageModel.swift */ = {isa = PBXFileReference; lastKnownFileType = sourcecode.swift; path = APIImageModel.swift; sourceTree = "<group>"; };
		718D2E1425CAEE280082ADEE /* APIAlbumModel.swift */ = {isa = PBXFileReference; lastKnownFileType = sourcecode.swift; path = APIAlbumModel.swift; sourceTree = "<group>"; };
		718D2E2025CAFD270082ADEE /* AlbumModel.swift */ = {isa = PBXFileReference; lastKnownFileType = sourcecode.swift; path = AlbumModel.swift; sourceTree = "<group>"; };
		718D2E2425CAFD3B0082ADEE /* TrackModel.swift */ = {isa = PBXFileReference; lastKnownFileType = sourcecode.swift; path = TrackModel.swift; sourceTree = "<group>"; };
		718D2E2825CAFF5F0082ADEE /* AlbumDetailsModel.swift */ = {isa = PBXFileReference; lastKnownFileType = sourcecode.swift; path = AlbumDetailsModel.swift; sourceTree = "<group>"; };
		718D2E2D25CB02560082ADEE /* ArtistModel.swift */ = {isa = PBXFileReference; lastKnownFileType = sourcecode.swift; path = ArtistModel.swift; sourceTree = "<group>"; };
		718D2E3425CB05A50082ADEE /* AlbumModelMapper.swift */ = {isa = PBXFileReference; lastKnownFileType = sourcecode.swift; path = AlbumModelMapper.swift; sourceTree = "<group>"; };
		71E04C6E25D141DC00CA73CF /* JSONDecoder.swift */ = {isa = PBXFileReference; lastKnownFileType = sourcecode.swift; path = JSONDecoder.swift; sourceTree = "<group>"; };
		71E04C7225D145A000CA73CF /* NetworkLayer.swift */ = {isa = PBXFileReference; lastKnownFileType = sourcecode.swift; path = NetworkLayer.swift; sourceTree = "<group>"; };
		71E04C7625D1510E00CA73CF /* LastFMService.swift */ = {isa = PBXFileReference; lastKnownFileType = sourcecode.swift; path = LastFMService.swift; sourceTree = "<group>"; };
		71E04C7925D1567900CA73CF /* Constants.swift */ = {isa = PBXFileReference; lastKnownFileType = sourcecode.swift; path = Constants.swift; sourceTree = "<group>"; };
		71E3D04025D533D20004EBC6 /* TopAlbumsCollectionViewController.swift */ = {isa = PBXFileReference; lastKnownFileType = sourcecode.swift; path = TopAlbumsCollectionViewController.swift; sourceTree = "<group>"; };
		71E3D04425D533F70004EBC6 /* TopAlbumsDatasourceController.swift */ = {isa = PBXFileReference; lastKnownFileType = sourcecode.swift; path = TopAlbumsDatasourceController.swift; sourceTree = "<group>"; };
		71E3D04725D5340F0004EBC6 /* TopAlbumsLogicController.swift */ = {isa = PBXFileReference; lastKnownFileType = sourcecode.swift; path = TopAlbumsLogicController.swift; sourceTree = "<group>"; };
		71E3D04D25D548780004EBC6 /* AlbumDetailsCollectionViewCell.swift */ = {isa = PBXFileReference; lastKnownFileType = sourcecode.swift; path = AlbumDetailsCollectionViewCell.swift; sourceTree = "<group>"; };
		71E3D04E25D548780004EBC6 /* AlbumDetailsCollectionViewCell.xib */ = {isa = PBXFileReference; lastKnownFileType = file.xib; path = AlbumDetailsCollectionViewCell.xib; sourceTree = "<group>"; };
		8E6872E1ED405171815D5286 /* Pods-musikaApp.release.xcconfig */ = {isa = PBXFileReference; includeInIndex = 1; lastKnownFileType = text.xcconfig; name = "Pods-musikaApp.release.xcconfig"; path = "Target Support Files/Pods-musikaApp/Pods-musikaApp.release.xcconfig"; sourceTree = "<group>"; };
		9F0B1A0150A25960D0DB35E9 /* Pods-musikaApp.debug.xcconfig */ = {isa = PBXFileReference; includeInIndex = 1; lastKnownFileType = text.xcconfig; name = "Pods-musikaApp.debug.xcconfig"; path = "Target Support Files/Pods-musikaApp/Pods-musikaApp.debug.xcconfig"; sourceTree = "<group>"; };
/* End PBXFileReference section */

/* Begin PBXFrameworksBuildPhase section */
		713034D8256EEE1500697149 /* Frameworks */ = {
			isa = PBXFrameworksBuildPhase;
			buildActionMask = 2147483647;
			files = (
				E98B5A3EF9E74412C581393C /* Pods_musikaApp.framework in Frameworks */,
			);
			runOnlyForDeploymentPostprocessing = 0;
		};
/* End PBXFrameworksBuildPhase section */

/* Begin PBXGroup section */
		639AE7AE4EE355065073D8E7 /* Pods */ = {
			isa = PBXGroup;
			children = (
				9F0B1A0150A25960D0DB35E9 /* Pods-musikaApp.debug.xcconfig */,
				8E6872E1ED405171815D5286 /* Pods-musikaApp.release.xcconfig */,
			);
			path = Pods;
			sourceTree = "<group>";
		};
		711E051F25D2DCDD00FF2287 /* Manager */ = {
			isa = PBXGroup;
			children = (
				711E04AF25D168C400FF2287 /* MusikManager.swift */,
			);
			path = Manager;
			sourceTree = "<group>";
		};
		711E052025D2DD0600FF2287 /* Protocols */ = {
			isa = PBXGroup;
			children = (
				711E04C925D19F1200FF2287 /* ViewConfigurable.swift */,
			);
			path = Protocols;
			sourceTree = "<group>";
		};
		711E052125D2DD2A00FF2287 /* Services */ = {
			isa = PBXGroup;
			children = (
				71E04C7225D145A000CA73CF /* NetworkLayer.swift */,
				71E04C7625D1510E00CA73CF /* LastFMService.swift */,
				711E04B225D1761400FF2287 /* DBService.swift */,
			);
			path = Services;
			sourceTree = "<group>";
		};
		711E052225D2DD7800FF2287 /* UI */ = {
			isa = PBXGroup;
			children = (
				718D2E0925CAD2A30082ADEE /* SearchCollectionViewCell.xib */,
				711E04CC25D1A13900FF2287 /* PlaceholderImageView.swift */,
				718D2E0825CAD2A30082ADEE /* SearchCollectionViewCell.swift */,
				716B1B9A25D41E0F00B7FA7F /* SearchTableViewCell.swift */,
				716B1B9B25D41E0F00B7FA7F /* SearchTableViewCell.xib */,
				71E3D04D25D548780004EBC6 /* AlbumDetailsCollectionViewCell.swift */,
				71E3D04E25D548780004EBC6 /* AlbumDetailsCollectionViewCell.xib */,
			);
			path = UI;
			sourceTree = "<group>";
		};
		711E052325D2DDB900FF2287 /* Enums */ = {
			isa = PBXGroup;
			children = (
				711E04C625D19DBF00FF2287 /* FontType.swift */,
				71E04C7925D1567900CA73CF /* Constants.swift */,
			);
			path = Enums;
			sourceTree = "<group>";
		};
		713034D2256EEE1500697149 = {
			isa = PBXGroup;
			children = (
				711E052225D2DD7800FF2287 /* UI */,
				711E052025D2DD0600FF2287 /* Protocols */,
				711E052325D2DDB900FF2287 /* Enums */,
				711E051F25D2DCDD00FF2287 /* Manager */,
				711E052125D2DD2A00FF2287 /* Services */,
				713034E4256EEE1500697149 /* Main.storyboard */,
				71E04C6D25D141BA00CA73CF /* Extensions */,
				7174394F25CD430800038B9E /* Models */,
				7174394A25CD3F1700038B9E /* ViewControllers */,
				713034DD256EEE1500697149 /* musikaApp */,
				713034DC256EEE1500697149 /* Products */,
				639AE7AE4EE355065073D8E7 /* Pods */,
				7D53D6F730900923B2202438 /* Frameworks */,
			);
			sourceTree = "<group>";
		};
		713034DC256EEE1500697149 /* Products */ = {
			isa = PBXGroup;
			children = (
				713034DB256EEE1500697149 /* musikaApp.app */,
			);
			name = Products;
			sourceTree = "<group>";
		};
		713034DD256EEE1500697149 /* musikaApp */ = {
			isa = PBXGroup;
			children = (
				713034DE256EEE1500697149 /* AppDelegate.swift */,
				713034E0256EEE1500697149 /* SceneDelegate.swift */,
				7149B4C8257D7F5A00511749 /* LastFmAPIService.swift */,
				715F40652576EBDA00BDBC23 /* TopAlbumsControllers */,
				71F40A9725742EB900E9B14C /* SearchControllers */,
				71F40A9825742EE800E9B14C /* FavoritsControllers */,
				713034E7256EEE1500697149 /* Assets.xcassets */,
				713034E9256EEE1500697149 /* LaunchScreen.storyboard */,
				713034EC256EEE1500697149 /* Info.plist */,
				7149B4C5257D73AE00511749 /* Extensions */,
			);
			path = musikaApp;
			sourceTree = "<group>";
		};
		7149B4C5257D73AE00511749 /* Extensions */ = {
			isa = PBXGroup;
			children = (
				7149B4C2257D73A000511749 /* RealmExtensions.swift */,
			);
			path = Extensions;
			sourceTree = "<group>";
		};
		715F40652576EBDA00BDBC23 /* TopAlbumsControllers */ = {
			isa = PBXGroup;
			children = (
				715F40582575519700BDBC23 /* TopAlbumsCollectionViewController.swift */,
				715F405B257551D400BDBC23 /* TopAlbumsCollectionViewCell.swift */,
				715F40602576E97500BDBC23 /* TopAlbumDetailsTableViewController.swift */,
			);
			path = TopAlbumsControllers;
			sourceTree = "<group>";
		};
		716B1B7F25D2EAD400B7FA7F /* Search */ = {
			isa = PBXGroup;
			children = (
				716B1B8025D2EAED00B7FA7F /* SearchTableViewController.swift */,
				716B1B8325D2EAF700B7FA7F /* SearchLogicController.swift */,
				716B1B9225D414B600B7FA7F /* SearchDataSourceController.swift */,
			);
			path = Search;
			sourceTree = "<group>";
		};
		7174394A25CD3F1700038B9E /* ViewControllers */ = {
			isa = PBXGroup;
			children = (
				7174394B25CD3F4100038B9E /* ViewControllerFactory.swift */,
				7174395525CD448700038B9E /* BaseViewController.swift */,
				71E3D03F25D533940004EBC6 /* TopAlbums */,
				716B1B7F25D2EAD400B7FA7F /* Search */,
				7174395E25CD48A600038B9E /* Home */,
			);
			path = ViewControllers;
			sourceTree = "<group>";
		};
		7174394F25CD430800038B9E /* Models */ = {
			isa = PBXGroup;
			children = (
				718D2E1925CAF3D60082ADEE /* ImageModels */,
				71F40A9A25742F0100E9B14C /* ArtistModels */,
				718D2E1D25CAFC9E0082ADEE /* AlbumDetailsModels */,
				718D2E1E25CAFCB20082ADEE /* TrackModels */,
				718D2E1F25CAFCCE0082ADEE /* AlbumModels */,
			);
			path = Models;
			sourceTree = "<group>";
		};
		7174395E25CD48A600038B9E /* Home */ = {
			isa = PBXGroup;
			children = (
				7174395125CD43B400038B9E /* HomeViewController.swift */,
				7174395825CD488600038B9E /* HomeLogicController.swift */,
				7174395B25CD489B00038B9E /* HomeCollectionViewDataSource.swift */,
			);
			path = Home;
			sourceTree = "<group>";
		};
		718D2E1925CAF3D60082ADEE /* ImageModels */ = {
			isa = PBXGroup;
			children = (
				718D2E0D25CAE94D0082ADEE /* APIImageModel.swift */,
			);
			path = ImageModels;
			sourceTree = "<group>";
		};
		718D2E1D25CAFC9E0082ADEE /* AlbumDetailsModels */ = {
			isa = PBXGroup;
			children = (
				718D2E2825CAFF5F0082ADEE /* AlbumDetailsModel.swift */,
				715F405325754C8600BDBC23 /* APIAlbumDetailsModel.swift */,
				71303501256F10F100697149 /* DBAlbumDetailsModel.swift */,
				7174391225CBF46D00038B9E /* AlbumDetailsMapper.swift */,
			);
			path = AlbumDetailsModels;
			sourceTree = "<group>";
		};
		718D2E1E25CAFCB20082ADEE /* TrackModels */ = {
			isa = PBXGroup;
			children = (
				718D2E2425CAFD3B0082ADEE /* TrackModel.swift */,
				715F40782577DC2D00BDBC23 /* APITrackModel.swift */,
				7174391725CBF94100038B9E /* APITracksModel.swift */,
				7174391A25CC062600038B9E /* DBTrackModel.swift */,
				7174390F25CBF3BE00038B9E /* TrackModelMapper.swift */,
			);
			path = TrackModels;
			sourceTree = "<group>";
		};
		718D2E1F25CAFCCE0082ADEE /* AlbumModels */ = {
			isa = PBXGroup;
			children = (
				718D2E2025CAFD270082ADEE /* AlbumModel.swift */,
				718D2E1425CAEE280082ADEE /* APIAlbumModel.swift */,
				718D2E3425CB05A50082ADEE /* AlbumModelMapper.swift */,
			);
			path = AlbumModels;
			sourceTree = "<group>";
		};
		71E04C6D25D141BA00CA73CF /* Extensions */ = {
			isa = PBXGroup;
			children = (
				71E04C6E25D141DC00CA73CF /* JSONDecoder.swift */,
			);
			path = Extensions;
			sourceTree = "<group>";
		};
		71E3D03F25D533940004EBC6 /* TopAlbums */ = {
			isa = PBXGroup;
			children = (
				71E3D04025D533D20004EBC6 /* TopAlbumsCollectionViewController.swift */,
				71E3D04425D533F70004EBC6 /* TopAlbumsDatasourceController.swift */,
				71E3D04725D5340F0004EBC6 /* TopAlbumsLogicController.swift */,
			);
			path = TopAlbums;
			sourceTree = "<group>";
		};
		71F40A9725742EB900E9B14C /* SearchControllers */ = {
			isa = PBXGroup;
			children = (
				71303515257156A400697149 /* SearchTableViewController.swift */,
				7130351825715C3500697149 /* SearchTableViewCell.swift */,
			);
			path = SearchControllers;
			sourceTree = "<group>";
		};
		71F40A9825742EE800E9B14C /* FavoritsControllers */ = {
			isa = PBXGroup;
			children = (
				713034FA256EF70600697149 /* FavoritsCell.swift */,
				713034F7256EF50D00697149 /* FavoritsViewController.swift */,
				7149B4BE257C048E00511749 /* DetailsFavouriteTableViewController.swift */,
			);
			path = FavoritsControllers;
			sourceTree = "<group>";
		};
		71F40A9A25742F0100E9B14C /* ArtistModels */ = {
			isa = PBXGroup;
			children = (
				718D2E2D25CB02560082ADEE /* ArtistModel.swift */,
				7130350E257040B800697149 /* APIArtistModel.swift */,
				7174391F25CC241E00038B9E /* ArtistModelMapper.swift */,
			);
			path = ArtistModels;
			sourceTree = "<group>";
		};
		7D53D6F730900923B2202438 /* Frameworks */ = {
			isa = PBXGroup;
			children = (
				09C0D5A1B9F162CA3AC335B8 /* Pods_musikaApp.framework */,
			);
			name = Frameworks;
			sourceTree = "<group>";
		};
/* End PBXGroup section */

/* Begin PBXNativeTarget section */
		713034DA256EEE1500697149 /* musikaApp */ = {
			isa = PBXNativeTarget;
			buildConfigurationList = 713034EF256EEE1500697149 /* Build configuration list for PBXNativeTarget "musikaApp" */;
			buildPhases = (
				4A2245500EED71CC7457998B /* [CP] Check Pods Manifest.lock */,
				713034D7256EEE1500697149 /* Sources */,
				713034D8256EEE1500697149 /* Frameworks */,
				713034D9256EEE1500697149 /* Resources */,
				F09EA99F29438B364B8EFB8E /* [CP] Embed Pods Frameworks */,
			);
			buildRules = (
			);
			dependencies = (
			);
			name = musikaApp;
			productName = musikaApp;
			productReference = 713034DB256EEE1500697149 /* musikaApp.app */;
			productType = "com.apple.product-type.application";
		};
/* End PBXNativeTarget section */

/* Begin PBXProject section */
		713034D3256EEE1500697149 /* Project object */ = {
			isa = PBXProject;
			attributes = {
				LastSwiftUpdateCheck = 1220;
				LastUpgradeCheck = 1220;
				TargetAttributes = {
					713034DA256EEE1500697149 = {
						CreatedOnToolsVersion = 12.2;
					};
				};
			};
			buildConfigurationList = 713034D6256EEE1500697149 /* Build configuration list for PBXProject "musikaApp" */;
			compatibilityVersion = "Xcode 9.3";
			developmentRegion = en;
			hasScannedForEncodings = 0;
			knownRegions = (
				en,
				Base,
			);
			mainGroup = 713034D2256EEE1500697149;
			productRefGroup = 713034DC256EEE1500697149 /* Products */;
			projectDirPath = "";
			projectRoot = "";
			targets = (
				713034DA256EEE1500697149 /* musikaApp */,
			);
		};
/* End PBXProject section */

/* Begin PBXResourcesBuildPhase section */
		713034D9256EEE1500697149 /* Resources */ = {
			isa = PBXResourcesBuildPhase;
			buildActionMask = 2147483647;
			files = (
				713034EB256EEE1500697149 /* LaunchScreen.storyboard in Resources */,
				713034E8256EEE1500697149 /* Assets.xcassets in Resources */,
				718D2E0B25CAD2A30082ADEE /* SearchCollectionViewCell.xib in Resources */,
				71E3D05025D548780004EBC6 /* AlbumDetailsCollectionViewCell.xib in Resources */,
				713034E6256EEE1500697149 /* Main.storyboard in Resources */,
				716B1B9D25D41E0F00B7FA7F /* SearchTableViewCell.xib in Resources */,
			);
			runOnlyForDeploymentPostprocessing = 0;
		};
/* End PBXResourcesBuildPhase section */

/* Begin PBXShellScriptBuildPhase section */
		4A2245500EED71CC7457998B /* [CP] Check Pods Manifest.lock */ = {
			isa = PBXShellScriptBuildPhase;
			buildActionMask = 2147483647;
			files = (
			);
			inputFileListPaths = (
			);
			inputPaths = (
				"${PODS_PODFILE_DIR_PATH}/Podfile.lock",
				"${PODS_ROOT}/Manifest.lock",
			);
			name = "[CP] Check Pods Manifest.lock";
			outputFileListPaths = (
			);
			outputPaths = (
				"$(DERIVED_FILE_DIR)/Pods-musikaApp-checkManifestLockResult.txt",
			);
			runOnlyForDeploymentPostprocessing = 0;
			shellPath = /bin/sh;
			shellScript = "diff \"${PODS_PODFILE_DIR_PATH}/Podfile.lock\" \"${PODS_ROOT}/Manifest.lock\" > /dev/null\nif [ $? != 0 ] ; then\n    # print error to STDERR\n    echo \"error: The sandbox is not in sync with the Podfile.lock. Run 'pod install' or update your CocoaPods installation.\" >&2\n    exit 1\nfi\n# This output is used by Xcode 'outputs' to avoid re-running this script phase.\necho \"SUCCESS\" > \"${SCRIPT_OUTPUT_FILE_0}\"\n";
			showEnvVarsInLog = 0;
		};
		F09EA99F29438B364B8EFB8E /* [CP] Embed Pods Frameworks */ = {
			isa = PBXShellScriptBuildPhase;
			buildActionMask = 2147483647;
			files = (
			);
			inputFileListPaths = (
				"${PODS_ROOT}/Target Support Files/Pods-musikaApp/Pods-musikaApp-frameworks-${CONFIGURATION}-input-files.xcfilelist",
			);
			name = "[CP] Embed Pods Frameworks";
			outputFileListPaths = (
				"${PODS_ROOT}/Target Support Files/Pods-musikaApp/Pods-musikaApp-frameworks-${CONFIGURATION}-output-files.xcfilelist",
			);
			runOnlyForDeploymentPostprocessing = 0;
			shellPath = /bin/sh;
			shellScript = "\"${PODS_ROOT}/Target Support Files/Pods-musikaApp/Pods-musikaApp-frameworks.sh\"\n";
			showEnvVarsInLog = 0;
		};
/* End PBXShellScriptBuildPhase section */

/* Begin PBXSourcesBuildPhase section */
		713034D7256EEE1500697149 /* Sources */ = {
			isa = PBXSourcesBuildPhase;
			buildActionMask = 2147483647;
			files = (
				71E04C7325D145A000CA73CF /* NetworkLayer.swift in Sources */,
				711E04B325D1761400FF2287 /* DBService.swift in Sources */,
				716B1B9325D414B600B7FA7F /* SearchDataSourceController.swift in Sources */,
				711E04CD25D1A13900FF2287 /* PlaceholderImageView.swift in Sources */,
				716B1B8925D3F49A00B7FA7F /* AppDelegate.swift in Sources */,
				71E04C7A25D1567900CA73CF /* Constants.swift in Sources */,
				71E3D04F25D548780004EBC6 /* AlbumDetailsCollectionViewCell.swift in Sources */,
				711E04CA25D19F1200FF2287 /* ViewConfigurable.swift in Sources */,
				718D2E0E25CAE94D0082ADEE /* APIImageModel.swift in Sources */,
				7174392025CC241E00038B9E /* ArtistModelMapper.swift in Sources */,
				7174395225CD43B400038B9E /* HomeViewController.swift in Sources */,
				718D2E2125CAFD270082ADEE /* AlbumModel.swift in Sources */,
				7174391025CBF3BE00038B9E /* TrackModelMapper.swift in Sources */,
				7149B4C3257D73A000511749 /* RealmExtensions.swift in Sources */,
				7149B4C9257D7F5A00511749 /* LastFmAPIService.swift in Sources */,
				7130350F257040B800697149 /* APIArtistModel.swift in Sources */,
				7174395925CD488600038B9E /* HomeLogicController.swift in Sources */,
				716B1B8425D2EAF700B7FA7F /* SearchLogicController.swift in Sources */,
				718D2E1525CAEE280082ADEE /* APIAlbumModel.swift in Sources */,
				7174395625CD448700038B9E /* BaseViewController.swift in Sources */,
				718D2E2925CAFF5F0082ADEE /* AlbumDetailsModel.swift in Sources */,
				7174391B25CC062600038B9E /* DBTrackModel.swift in Sources */,
				711E04C725D19DBF00FF2287 /* FontType.swift in Sources */,
				71E04C7725D1510E00CA73CF /* LastFMService.swift in Sources */,
				71303502256F10F100697149 /* DBAlbumDetailsModel.swift in Sources */,
				71E3D04825D5340F0004EBC6 /* TopAlbumsLogicController.swift in Sources */,
				7149B4BF257C048E00511749 /* DetailsFavouriteTableViewController.swift in Sources */,
				715F40792577DC2D00BDBC23 /* APITrackModel.swift in Sources */,
				713034F8256EF50D00697149 /* FavoritsViewController.swift in Sources */,
				71E3D04125D533D20004EBC6 /* TopAlbumsCollectionViewController.swift in Sources */,
				716B1B9C25D41E0F00B7FA7F /* SearchTableViewCell.swift in Sources */,
				7174395C25CD489B00038B9E /* HomeCollectionViewDataSource.swift in Sources */,
				711E04B025D168C400FF2287 /* MusikManager.swift in Sources */,
				718D2E0A25CAD2A30082ADEE /* SearchCollectionViewCell.swift in Sources */,
				713034FB256EF70600697149 /* FavoritsCell.swift in Sources */,
				71E3D04525D533F70004EBC6 /* TopAlbumsDatasourceController.swift in Sources */,
				718D2E2525CAFD3B0082ADEE /* TrackModel.swift in Sources */,
				7174394C25CD3F4100038B9E /* ViewControllerFactory.swift in Sources */,
				716B1B8125D2EAED00B7FA7F /* SearchTableViewController.swift in Sources */,
				718D2E3525CB05A50082ADEE /* AlbumModelMapper.swift in Sources */,
				71E04C6F25D141DC00CA73CF /* JSONDecoder.swift in Sources */,
				715F405425754C8600BDBC23 /* APIAlbumDetailsModel.swift in Sources */,
				7174391325CBF46D00038B9E /* AlbumDetailsMapper.swift in Sources */,
				718D2E2E25CB02560082ADEE /* ArtistModel.swift in Sources */,
				7174391825CBF94100038B9E /* APITracksModel.swift in Sources */,
			);
			runOnlyForDeploymentPostprocessing = 0;
		};
/* End PBXSourcesBuildPhase section */

/* Begin PBXVariantGroup section */
		713034E4256EEE1500697149 /* Main.storyboard */ = {
			isa = PBXVariantGroup;
			children = (
				713034E5256EEE1500697149 /* Base */,
			);
			name = Main.storyboard;
			sourceTree = "<group>";
		};
		713034E9256EEE1500697149 /* LaunchScreen.storyboard */ = {
			isa = PBXVariantGroup;
			children = (
				713034EA256EEE1500697149 /* Base */,
			);
			name = LaunchScreen.storyboard;
			sourceTree = "<group>";
		};
/* End PBXVariantGroup section */

/* Begin XCBuildConfiguration section */
		713034ED256EEE1500697149 /* Debug */ = {
			isa = XCBuildConfiguration;
			buildSettings = {
				ALWAYS_SEARCH_USER_PATHS = NO;
				CLANG_ANALYZER_NONNULL = YES;
				CLANG_ANALYZER_NUMBER_OBJECT_CONVERSION = YES_AGGRESSIVE;
				CLANG_CXX_LANGUAGE_STANDARD = "gnu++14";
				CLANG_CXX_LIBRARY = "libc++";
				CLANG_ENABLE_MODULES = YES;
				CLANG_ENABLE_OBJC_ARC = YES;
				CLANG_ENABLE_OBJC_WEAK = YES;
				CLANG_WARN_BLOCK_CAPTURE_AUTORELEASING = YES;
				CLANG_WARN_BOOL_CONVERSION = YES;
				CLANG_WARN_COMMA = YES;
				CLANG_WARN_CONSTANT_CONVERSION = YES;
				CLANG_WARN_DEPRECATED_OBJC_IMPLEMENTATIONS = YES;
				CLANG_WARN_DIRECT_OBJC_ISA_USAGE = YES_ERROR;
				CLANG_WARN_DOCUMENTATION_COMMENTS = YES;
				CLANG_WARN_EMPTY_BODY = YES;
				CLANG_WARN_ENUM_CONVERSION = YES;
				CLANG_WARN_INFINITE_RECURSION = YES;
				CLANG_WARN_INT_CONVERSION = YES;
				CLANG_WARN_NON_LITERAL_NULL_CONVERSION = YES;
				CLANG_WARN_OBJC_IMPLICIT_RETAIN_SELF = YES;
				CLANG_WARN_OBJC_LITERAL_CONVERSION = YES;
				CLANG_WARN_OBJC_ROOT_CLASS = YES_ERROR;
				CLANG_WARN_QUOTED_INCLUDE_IN_FRAMEWORK_HEADER = YES;
				CLANG_WARN_RANGE_LOOP_ANALYSIS = YES;
				CLANG_WARN_STRICT_PROTOTYPES = YES;
				CLANG_WARN_SUSPICIOUS_MOVE = YES;
				CLANG_WARN_UNGUARDED_AVAILABILITY = YES_AGGRESSIVE;
				CLANG_WARN_UNREACHABLE_CODE = YES;
				CLANG_WARN__DUPLICATE_METHOD_MATCH = YES;
				COPY_PHASE_STRIP = NO;
				DEBUG_INFORMATION_FORMAT = dwarf;
				ENABLE_STRICT_OBJC_MSGSEND = YES;
				ENABLE_TESTABILITY = YES;
				GCC_C_LANGUAGE_STANDARD = gnu11;
				GCC_DYNAMIC_NO_PIC = NO;
				GCC_NO_COMMON_BLOCKS = YES;
				GCC_OPTIMIZATION_LEVEL = 0;
				GCC_PREPROCESSOR_DEFINITIONS = (
					"DEBUG=1",
					"$(inherited)",
				);
				GCC_WARN_64_TO_32_BIT_CONVERSION = YES;
				GCC_WARN_ABOUT_RETURN_TYPE = YES_ERROR;
				GCC_WARN_UNDECLARED_SELECTOR = YES;
				GCC_WARN_UNINITIALIZED_AUTOS = YES_AGGRESSIVE;
				GCC_WARN_UNUSED_FUNCTION = YES;
				GCC_WARN_UNUSED_VARIABLE = YES;
				IPHONEOS_DEPLOYMENT_TARGET = 14.2;
				MTL_ENABLE_DEBUG_INFO = INCLUDE_SOURCE;
				MTL_FAST_MATH = YES;
				ONLY_ACTIVE_ARCH = YES;
				SDKROOT = iphoneos;
				SWIFT_ACTIVE_COMPILATION_CONDITIONS = DEBUG;
				SWIFT_OPTIMIZATION_LEVEL = "-Onone";
			};
			name = Debug;
		};
		713034EE256EEE1500697149 /* Release */ = {
			isa = XCBuildConfiguration;
			buildSettings = {
				ALWAYS_SEARCH_USER_PATHS = NO;
				CLANG_ANALYZER_NONNULL = YES;
				CLANG_ANALYZER_NUMBER_OBJECT_CONVERSION = YES_AGGRESSIVE;
				CLANG_CXX_LANGUAGE_STANDARD = "gnu++14";
				CLANG_CXX_LIBRARY = "libc++";
				CLANG_ENABLE_MODULES = YES;
				CLANG_ENABLE_OBJC_ARC = YES;
				CLANG_ENABLE_OBJC_WEAK = YES;
				CLANG_WARN_BLOCK_CAPTURE_AUTORELEASING = YES;
				CLANG_WARN_BOOL_CONVERSION = YES;
				CLANG_WARN_COMMA = YES;
				CLANG_WARN_CONSTANT_CONVERSION = YES;
				CLANG_WARN_DEPRECATED_OBJC_IMPLEMENTATIONS = YES;
				CLANG_WARN_DIRECT_OBJC_ISA_USAGE = YES_ERROR;
				CLANG_WARN_DOCUMENTATION_COMMENTS = YES;
				CLANG_WARN_EMPTY_BODY = YES;
				CLANG_WARN_ENUM_CONVERSION = YES;
				CLANG_WARN_INFINITE_RECURSION = YES;
				CLANG_WARN_INT_CONVERSION = YES;
				CLANG_WARN_NON_LITERAL_NULL_CONVERSION = YES;
				CLANG_WARN_OBJC_IMPLICIT_RETAIN_SELF = YES;
				CLANG_WARN_OBJC_LITERAL_CONVERSION = YES;
				CLANG_WARN_OBJC_ROOT_CLASS = YES_ERROR;
				CLANG_WARN_QUOTED_INCLUDE_IN_FRAMEWORK_HEADER = YES;
				CLANG_WARN_RANGE_LOOP_ANALYSIS = YES;
				CLANG_WARN_STRICT_PROTOTYPES = YES;
				CLANG_WARN_SUSPICIOUS_MOVE = YES;
				CLANG_WARN_UNGUARDED_AVAILABILITY = YES_AGGRESSIVE;
				CLANG_WARN_UNREACHABLE_CODE = YES;
				CLANG_WARN__DUPLICATE_METHOD_MATCH = YES;
				COPY_PHASE_STRIP = NO;
				DEBUG_INFORMATION_FORMAT = "dwarf-with-dsym";
				ENABLE_NS_ASSERTIONS = NO;
				ENABLE_STRICT_OBJC_MSGSEND = YES;
				GCC_C_LANGUAGE_STANDARD = gnu11;
				GCC_NO_COMMON_BLOCKS = YES;
				GCC_WARN_64_TO_32_BIT_CONVERSION = YES;
				GCC_WARN_ABOUT_RETURN_TYPE = YES_ERROR;
				GCC_WARN_UNDECLARED_SELECTOR = YES;
				GCC_WARN_UNINITIALIZED_AUTOS = YES_AGGRESSIVE;
				GCC_WARN_UNUSED_FUNCTION = YES;
				GCC_WARN_UNUSED_VARIABLE = YES;
				IPHONEOS_DEPLOYMENT_TARGET = 14.2;
				MTL_ENABLE_DEBUG_INFO = NO;
				MTL_FAST_MATH = YES;
				SDKROOT = iphoneos;
				SWIFT_COMPILATION_MODE = wholemodule;
				SWIFT_OPTIMIZATION_LEVEL = "-O";
				VALIDATE_PRODUCT = YES;
			};
			name = Release;
		};
		713034F0256EEE1500697149 /* Debug */ = {
			isa = XCBuildConfiguration;
			baseConfigurationReference = 9F0B1A0150A25960D0DB35E9 /* Pods-musikaApp.debug.xcconfig */;
			buildSettings = {
				ASSETCATALOG_COMPILER_APPICON_NAME = AppIcon;
				ASSETCATALOG_COMPILER_GLOBAL_ACCENT_COLOR_NAME = AccentColor;
				CODE_SIGN_STYLE = Automatic;
				DEVELOPMENT_TEAM = 298H3Q3KU4;
				INFOPLIST_FILE = musikaApp/Info.plist;
				IPHONEOS_DEPLOYMENT_TARGET = 14.2;
				LD_RUNPATH_SEARCH_PATHS = (
					"$(inherited)",
					"@executable_path/Frameworks",
				);
				PRODUCT_BUNDLE_IDENTIFIER = test.musikaApp;
				PRODUCT_NAME = "$(TARGET_NAME)";
				SWIFT_VERSION = 5.0;
				TARGETED_DEVICE_FAMILY = 1;
			};
			name = Debug;
		};
		713034F1256EEE1500697149 /* Release */ = {
			isa = XCBuildConfiguration;
			baseConfigurationReference = 8E6872E1ED405171815D5286 /* Pods-musikaApp.release.xcconfig */;
			buildSettings = {
				ASSETCATALOG_COMPILER_APPICON_NAME = AppIcon;
				ASSETCATALOG_COMPILER_GLOBAL_ACCENT_COLOR_NAME = AccentColor;
				CODE_SIGN_STYLE = Automatic;
				DEVELOPMENT_TEAM = 298H3Q3KU4;
				INFOPLIST_FILE = musikaApp/Info.plist;
				IPHONEOS_DEPLOYMENT_TARGET = 14.2;
				LD_RUNPATH_SEARCH_PATHS = (
					"$(inherited)",
					"@executable_path/Frameworks",
				);
				PRODUCT_BUNDLE_IDENTIFIER = test.musikaApp;
				PRODUCT_NAME = "$(TARGET_NAME)";
				SWIFT_VERSION = 5.0;
				TARGETED_DEVICE_FAMILY = 1;
			};
			name = Release;
		};
/* End XCBuildConfiguration section */

/* Begin XCConfigurationList section */
		713034D6256EEE1500697149 /* Build configuration list for PBXProject "musikaApp" */ = {
			isa = XCConfigurationList;
			buildConfigurations = (
				713034ED256EEE1500697149 /* Debug */,
				713034EE256EEE1500697149 /* Release */,
			);
			defaultConfigurationIsVisible = 0;
			defaultConfigurationName = Release;
		};
		713034EF256EEE1500697149 /* Build configuration list for PBXNativeTarget "musikaApp" */ = {
			isa = XCConfigurationList;
			buildConfigurations = (
				713034F0256EEE1500697149 /* Debug */,
				713034F1256EEE1500697149 /* Release */,
			);
			defaultConfigurationIsVisible = 0;
			defaultConfigurationName = Release;
		};
/* End XCConfigurationList section */
	};
	rootObject = 713034D3256EEE1500697149 /* Project object */;
}
